
Microsoft Visual Studio Solution File, Format Version 12.00
# Visual Studio Version 17
VisualStudioVersion = 17.0.32112.339
MinimumVisualStudioVersion = 10.0.40219.1
Project("{9A19103F-16F7-4668-BE54-9A1E7A4F7556}") = "SerialPortTest", "SerialPortTest\SerialPortTest.csproj", "{3208B30E-7275-4CBD-94D2-B246B97A0F2B}"
EndProject
Project("{9A19103F-16F7-4668-BE54-9A1E7A4F7556}") = "PicoController.Gui", "PicoController.Gui\PicoController.Gui.csproj", "{0A8C2273-4815-469E-85B5-4B84B7C3850F}"
EndProject
Project("{9A19103F-16F7-4668-BE54-9A1E7A4F7556}") = "PicoController.Core", "PicoController.Core\PicoController.Core.csproj", "{CF461FD2-F66C-4B20-8563-692DB27966FA}"
EndProject
Project("{9A19103F-16F7-4668-BE54-9A1E7A4F7556}") = "PicoController.Cli", "PicoController.Cli\PicoController.Cli.csproj", "{C7D34DB4-FD8E-4B1C-9D1C-36D5DADDEBCD}"
EndProject
Project("{9A19103F-16F7-4668-BE54-9A1E7A4F7556}") = "PicoController.Plugin", "PicoController.Plugin.Interfaces\PicoController.Plugin.csproj", "{2909972B-45CE-428C-B2B0-FA057C4C7822}"
EndProject
Project("{2150E333-8FDC-42A3-9474-1A3956D46DE8}") = "Plugins", "Plugins", "{C0E17463-ABE1-4698-94CD-E6D69A3F7AAC}"
EndProject
Project("{9A19103F-16F7-4668-BE54-9A1E7A4F7556}") = "PicoController.TidalVolume", "Plugins\PicoControler.TidalVolume\PicoController.TidalVolume.csproj", "{E433B4F1-F4DD-49C0-964B-FA0D62218960}"
EndProject
Project("{FAE04EC0-301F-11D3-BF4B-00C04F79EFBC}") = "PicoController.VirtualDesktop.Windows", "Plugins\PicoController.VirtualDesktop.Windows\PicoController.VirtualDesktop.Windows.csproj", "{35F8E544-1502-482A-ACB9-84E568964DE0}"
EndProject
Global
	GlobalSection(SolutionConfigurationPlatforms) = preSolution
		Debug|Any CPU = Debug|Any CPU
		Release|Any CPU = Release|Any CPU
	EndGlobalSection
	GlobalSection(ProjectConfigurationPlatforms) = postSolution
		{3208B30E-7275-4CBD-94D2-B246B97A0F2B}.Debug|Any CPU.ActiveCfg = Debug|Any CPU
		{3208B30E-7275-4CBD-94D2-B246B97A0F2B}.Debug|Any CPU.Build.0 = Debug|Any CPU
		{3208B30E-7275-4CBD-94D2-B246B97A0F2B}.Release|Any CPU.ActiveCfg = Release|Any CPU
		{3208B30E-7275-4CBD-94D2-B246B97A0F2B}.Release|Any CPU.Build.0 = Release|Any CPU
		{0A8C2273-4815-469E-85B5-4B84B7C3850F}.Debug|Any CPU.ActiveCfg = Debug|Any CPU
		{0A8C2273-4815-469E-85B5-4B84B7C3850F}.Debug|Any CPU.Build.0 = Debug|Any CPU
		{0A8C2273-4815-469E-85B5-4B84B7C3850F}.Release|Any CPU.ActiveCfg = Release|Any CPU
		{0A8C2273-4815-469E-85B5-4B84B7C3850F}.Release|Any CPU.Build.0 = Release|Any CPU
		{CF461FD2-F66C-4B20-8563-692DB27966FA}.Debug|Any CPU.ActiveCfg = Debug|Any CPU
		{CF461FD2-F66C-4B20-8563-692DB27966FA}.Debug|Any CPU.Build.0 = Debug|Any CPU
		{CF461FD2-F66C-4B20-8563-692DB27966FA}.Release|Any CPU.ActiveCfg = Release|Any CPU
		{CF461FD2-F66C-4B20-8563-692DB27966FA}.Release|Any CPU.Build.0 = Release|Any CPU
		{C7D34DB4-FD8E-4B1C-9D1C-36D5DADDEBCD}.Debug|Any CPU.ActiveCfg = Debug|Any CPU
		{C7D34DB4-FD8E-4B1C-9D1C-36D5DADDEBCD}.Debug|Any CPU.Build.0 = Debug|Any CPU
		{C7D34DB4-FD8E-4B1C-9D1C-36D5DADDEBCD}.Release|Any CPU.ActiveCfg = Release|Any CPU
		{C7D34DB4-FD8E-4B1C-9D1C-36D5DADDEBCD}.Release|Any CPU.Build.0 = Release|Any CPU
		{2909972B-45CE-428C-B2B0-FA057C4C7822}.Debug|Any CPU.ActiveCfg = Debug|Any CPU
		{2909972B-45CE-428C-B2B0-FA057C4C7822}.Debug|Any CPU.Build.0 = Debug|Any CPU
		{2909972B-45CE-428C-B2B0-FA057C4C7822}.Release|Any CPU.ActiveCfg = Release|Any CPU
		{2909972B-45CE-428C-B2B0-FA057C4C7822}.Release|Any CPU.Build.0 = Release|Any CPU
		{E433B4F1-F4DD-49C0-964B-FA0D62218960}.Debug|Any CPU.ActiveCfg = Debug|Any CPU
		{E433B4F1-F4DD-49C0-964B-FA0D62218960}.Debug|Any CPU.Build.0 = Debug|Any CPU
		{E433B4F1-F4DD-49C0-964B-FA0D62218960}.Release|Any CPU.ActiveCfg = Release|Any CPU
		{E433B4F1-F4DD-49C0-964B-FA0D62218960}.Release|Any CPU.Build.0 = Release|Any CPU
		{35F8E544-1502-482A-ACB9-84E568964DE0}.Debug|Any CPU.ActiveCfg = Debug|Any CPU
		{35F8E544-1502-482A-ACB9-84E568964DE0}.Debug|Any CPU.Build.0 = Debug|Any CPU
		{35F8E544-1502-482A-ACB9-84E568964DE0}.Release|Any CPU.ActiveCfg = Release|Any CPU
		{35F8E544-1502-482A-ACB9-84E568964DE0}.Release|Any CPU.Build.0 = Release|Any CPU
	EndGlobalSection
	GlobalSection(SolutionProperties) = preSolution
		HideSolutionNode = FALSE
	EndGlobalSection
	GlobalSection(NestedProjects) = preSolution
		{E433B4F1-F4DD-49C0-964B-FA0D62218960} = {C0E17463-ABE1-4698-94CD-E6D69A3F7AAC}
		{35F8E544-1502-482A-ACB9-84E568964DE0} = {C0E17463-ABE1-4698-94CD-E6D69A3F7AAC}
	EndGlobalSection
	GlobalSection(ExtensibilityGlobals) = postSolution
		SolutionGuid = {3C17AB0F-CD93-4594-9440-A9FEA7B5977F}
	EndGlobalSection
EndGlobal
